
Microsoft Visual Studio Solution File, Format Version 12.00
# Visual Studio Version 16
VisualStudioVersion = 16.0.32002.261
MinimumVisualStudioVersion = 10.0.40219.1
Project("{FAE04EC0-301F-11D3-BF4B-00C04F79EFBC}") = "ChukebloEditor", "ChukebloEditor\ChukebloEditor.csproj", "{333498FD-DAB2-42C8-B8FB-DE9D3CD3ECD2}"
EndProject
Global
	GlobalSection(SolutionConfigurationPlatforms) = preSolution
		Debug|Any CPU = Debug|Any CPU
		Release|Any CPU = Release|Any CPU
	EndGlobalSection
	GlobalSection(ProjectConfigurationPlatforms) = postSolution
		{333498FD-DAB2-42C8-B8FB-DE9D3CD3ECD2}.Debug|Any CPU.ActiveCfg = Debug|Any CPU
		{333498FD-DAB2-42C8-B8FB-DE9D3CD3ECD2}.Debug|Any CPU.Build.0 = Debug|Any CPU
		{333498FD-DAB2-42C8-B8FB-DE9D3CD3ECD2}.Release|Any CPU.ActiveCfg = Release|Any CPU
		{333498FD-DAB2-42C8-B8FB-DE9D3CD3ECD2}.Release|Any CPU.Build.0 = Release|Any CPU
	EndGlobalSection
	GlobalSection(SolutionProperties) = preSolution
		HideSolutionNode = FALSE
	EndGlobalSection
	GlobalSection(ExtensibilityGlobals) = postSolution
		SolutionGuid = {AE18BF90-0BDE-4895-8C4F-BF7E59CC547C}
	EndGlobalSection
EndGlobal
